
Microsoft Visual Studio Solution File, Format Version 12.00
Project("{FAE04EC0-301F-11D3-BF4B-00C04F79EFBC}") = "TAK", "TAK\TAK.csproj", "{8218BA1C-C4C0-435E-B870-883F2039F90C}"
EndProject
Global
	GlobalSection(SolutionConfigurationPlatforms) = preSolution
		Debug|Any CPU = Debug|Any CPU
		Release|Any CPU = Release|Any CPU
	EndGlobalSection
	GlobalSection(ProjectConfigurationPlatforms) = postSolution
		{8218BA1C-C4C0-435E-B870-883F2039F90C}.Debug|Any CPU.ActiveCfg = Debug|Any CPU
		{8218BA1C-C4C0-435E-B870-883F2039F90C}.Debug|Any CPU.Build.0 = Debug|Any CPU
		{8218BA1C-C4C0-435E-B870-883F2039F90C}.Release|Any CPU.ActiveCfg = Release|Any CPU
		{8218BA1C-C4C0-435E-B870-883F2039F90C}.Release|Any CPU.Build.0 = Release|Any CPU
	EndGlobalSection
EndGlobal
